
Microsoft Visual Studio Solution File, Format Version 12.00
# Visual Studio Version 17
VisualStudioVersion = 17.5.002.0
MinimumVisualStudioVersion = 10.0.40219.1
Project("{9A19103F-16F7-4668-BE54-9A1E7A4F7556}") = "to-do-list", "to-do-list.csproj", "{CA4D0AB6-B1D0-4F2A-A686-012DB3A509B1}"
EndProject
Global
	GlobalSection(SolutionConfigurationPlatforms) = preSolution
		Debug|Any CPU = Debug|Any CPU
		Release|Any CPU = Release|Any CPU
	EndGlobalSection
	GlobalSection(ProjectConfigurationPlatforms) = postSolution
		{CA4D0AB6-B1D0-4F2A-A686-012DB3A509B1}.Debug|Any CPU.ActiveCfg = Debug|Any CPU
		{CA4D0AB6-B1D0-4F2A-A686-012DB3A509B1}.Debug|Any CPU.Build.0 = Debug|Any CPU
		{CA4D0AB6-B1D0-4F2A-A686-012DB3A509B1}.Release|Any CPU.ActiveCfg = Release|Any CPU
		{CA4D0AB6-B1D0-4F2A-A686-012DB3A509B1}.Release|Any CPU.Build.0 = Release|Any CPU
	EndGlobalSection
	GlobalSection(SolutionProperties) = preSolution
		HideSolutionNode = FALSE
	EndGlobalSection
	GlobalSection(ExtensibilityGlobals) = postSolution
		SolutionGuid = {6B86B130-7C70-4496-9CCB-97165A1150AE}
	EndGlobalSection
EndGlobal
